<?xml version="1.0" encoding="utf-8"?>
<Project ToolsVersion="4.0" xmlns="http://schemas.microsoft.com/developer/msbuild/2003">
  <ItemGroup>
    <Filter Include="Source Files">
      <UniqueIdentifier>{4FC737F1-C7A5-4376-A066-2A32D752A2FF}</UniqueIdentifier>
      <Extensions>cpp;c;cc;cxx;c++;def;odl;idl;hpj;bat;asm;asmx</Extensions>
    </Filter>
    <Filter Include="Header Files">
      <UniqueIdentifier>{93995380-89BD-4b04-88EB-625FBE52EBFB}</UniqueIdentifier>
      <Extensions>h;hh;hpp;hxx;h++;hm;inl;inc;ipp;xsd</Extensions>
    </Filter>
    <Filter Include="Resource Files">
      <UniqueIdentifier>{67DA6AB6-F800-4c08-8B7A-83BB121AAD01}</UniqueIdentifier>
      <Extensions>rc;ico;cur;bmp;dlg;rc2;rct;bin;rgs;gif;jpg;jpeg;jpe;resx;tiff;tif;png;wav;mfcribbon-ms</Extensions>
    </Filter>
    <Filter Include="Header Files\http_include">
      <UniqueIdentifier>{30a3a0f1-54df-4365-9d0b-6ef6783a21aa}</UniqueIdentifier>
    </Filter>
    <Filter Include="Source Files\http_src">
      <UniqueIdentifier>{4461f2de-3fe3-4cc5-8635-fed406c15e23}</UniqueIdentifier>
    </Filter>
    <Filter Include="Header Files\socket_include">
      <UniqueIdentifier>{3d830faa-365d-4a56-8e04-fe1c11eede5c}</UniqueIdentifier>
    </Filter>
    <Filter Include="Source Files\socket_src">
      <UniqueIdentifier>{aad43a5a-9c56-48cf-b4c9-2559447ec802}</UniqueIdentifier>
    </Filter>
    <Filter Include="Source Files\tools_src">
      <UniqueIdentifier>{f257eafa-5e90-4f72-bd73-6af64693f70c}</UniqueIdentifier>
    </Filter>
    <Filter Include="Header Files\tools_include">
      <UniqueIdentifier>{d19b943c-ff71-4d35-a0ce-180bcae228e7}</UniqueIdentifier>
    </Filter>
    <Filter Include="Source Files\mail_client_src">
      <UniqueIdentifier>{3091043f-a5fa-4fc1-9e29-89aaec8183bb}</UniqueIdentifier>
    </Filter>
    <Filter Include="Header Files\mail_client_include">
      <UniqueIdentifier>{9e311552-d7fc-43b1-9ce2-51a42dbd175b}</UniqueIdentifier>
    </Filter>
    <Filter Include="Source Files\mail_client_src\pop3_src">
      <UniqueIdentifier>{bf03365d-50ea-4eff-a06b-787e14da5ad3}</UniqueIdentifier>
    </Filter>
    <Filter Include="Header Files\mail_client_include\pop3_include">
      <UniqueIdentifier>{2cd6dd06-56fc-466b-ae63-9eb3d5fba64d}</UniqueIdentifier>
    </Filter>
  </ItemGroup>
  <ItemGroup>
    <ClCompile Include="mail_cli\Mail.cpp">
      <Filter>Source Files\mail_client_src</Filter>
    </ClCompile>
    <ClCompile Include="mail_cli\MailClient.cpp">
      <Filter>Source Files\mail_client_src</Filter>
    </ClCompile>
    <ClCompile Include="mail_cli\MailReceiver.cpp">
      <Filter>Source Files\mail_client_src</Filter>
    </ClCompile>
    <ClCompile Include="mail_cli\MailSender.cpp">
      <Filter>Source Files\mail_client_src</Filter>
    </ClCompile>
    <ClCompile Include="socket\TCPClientSocket.cpp">
      <Filter>Source Files\socket_src</Filter>
    </ClCompile>
    <ClCompile Include="tools\EncodeUtils.cpp">
      <Filter>Source Files\tools_src</Filter>
    </ClCompile>
    <ClCompile Include="mail_cli\pop3\POP3Client.cpp">
      <Filter>Source Files\mail_client_src\pop3_src</Filter>
    </ClCompile>
    <ClCompile Include="http\static\Tools.cpp">
      <Filter>Source Files\http_src</Filter>
    </ClCompile>
    <ClCompile Include="http\client\HttpClient.cpp">
      <Filter>Source Files\http_src</Filter>
    </ClCompile>
    <ClCompile Include="http\client\HttpRequest.cpp">
      <Filter>Source Files\http_src</Filter>
    </ClCompile>
    <ClCompile Include="http\client\HttpResponse.cpp">
      <Filter>Source Files\http_src</Filter>
    </ClCompile>
    <ClCompile Include="http\server\HttpServerHandler.cpp">
      <Filter>Source Files\http_src</Filter>
    </ClCompile>
    <ClCompile Include="http\server\HttpServer.cpp">
      <Filter>Source Files\http_src</Filter>
    </ClCompile>
    <ClCompile Include="http\socket\HttpSocket.cpp">
      <Filter>Source Files\http_src</Filter>
    </ClCompile>
    <ClCompile Include="main.cpp">
      <Filter>Source Files\http_src</Filter>
    </ClCompile>
    <ClCompile Include="tools\LogUtils.cpp">
      <Filter>Source Files\tools_src</Filter>
    </ClCompile>
    <ClCompile Include="tests\zhang_test\zhang.cpp">
      <Filter>Source Files</Filter>
    </ClCompile>
    <ClCompile Include="tests\mao_test\mao.cpp">
      <Filter>Source Files</Filter>
    </ClCompile>
  </ItemGroup>
  <ItemGroup>
    <ClInclude Include="tools\EncodeUtils.h">
      <Filter>Header Files\tools_include</Filter>
    </ClInclude>
    <ClInclude Include="socket\TCPClientSocket.h">
      <Filter>Header Files\socket_include</Filter>
    </ClInclude>
    <ClInclude Include="mail_cli\pop3\POP3Client.h">
      <Filter>Header Files\mail_client_include\pop3_include</Filter>
    </ClInclude>
    <ClInclude Include="mail_cli\Mail.h">
      <Filter>Header Files\mail_client_include</Filter>
    </ClInclude>
    <ClInclude Include="mail_cli\MailClient.h">
      <Filter>Header Files\mail_client_include</Filter>
    </ClInclude>
    <ClInclude Include="mail_cli\MailReceiver.h">
      <Filter>Header Files\mail_client_include</Filter>
    </ClInclude>
    <ClInclude Include="mail_cli\MailSender.h">
      <Filter>Header Files\mail_client_include</Filter>
    </ClInclude>
    <ClInclude Include="http\static\Tools.h">
      <Filter>Header Files\http_include</Filter>
    </ClInclude>
    <ClInclude Include="http\static\config.h">
      <Filter>Header Files\http_include</Filter>
    </ClInclude>
    <ClInclude Include="http\static\http_const.h">
      <Filter>Header Files\http_include</Filter>
    </ClInclude>
    <ClInclude Include="http\client\HttpClient.h">
      <Filter>Header Files\http_include</Filter>
    </ClInclude>
    <ClInclude Include="http\client\HttpRequest.h">
      <Filter>Header Files\http_include</Filter>
    </ClInclude>
    <ClInclude Include="http\client\HttpResponse.h">
      <Filter>Header Files\http_include</Filter>
    </ClInclude>
    <ClInclude Include="http\server\HttpServer.h">
      <Filter>Header Files\http_include</Filter>
    </ClInclude>
    <ClInclude Include="http\server\HttpServerHandler.h">
      <Filter>Header Files\http_include</Filter>
    </ClInclude>
    <ClInclude Include="http\socket\HttpSocket.h">
      <Filter>Header Files\http_include</Filter>
    </ClInclude>
    <ClInclude Include="tests\test.h">
      <Filter>Header Files</Filter>
    </ClInclude>
    <ClInclude Include="tests\mao_test\mao.h">
      <Filter>Header Files</Filter>
    </ClInclude>
    <ClInclude Include="tools\LogUtils.h">
      <Filter>Header Files\tools_include</Filter>
    </ClInclude>
    <ClInclude Include="tests\zhang_test\zhang.h">
      <Filter>Header Files</Filter>
    </ClInclude>
    <ClInclude Include="tests\my.h">
      <Filter>Header Files</Filter>
    </ClInclude>
  </ItemGroup>
  <ItemGroup>
    <None Include="packages.config" />
  </ItemGroup>
</Project>